
Microsoft Visual Studio Solution File, Format Version 12.00
# Visual Studio Version 17
VisualStudioVersion = 17.2.32414.248
MinimumVisualStudioVersion = 10.0.40219.1
Project("{FAE04EC0-301F-11D3-BF4B-00C04F79EFBC}") = "BibleApp", "BibleApp\BibleApp.csproj", "{C37A87CD-FC0D-410A-820C-775A589A6389}"
EndProject
Global
	GlobalSection(SolutionConfigurationPlatforms) = preSolution
		Debug|Any CPU = Debug|Any CPU
		Release|Any CPU = Release|Any CPU
	EndGlobalSection
	GlobalSection(ProjectConfigurationPlatforms) = postSolution
		{C37A87CD-FC0D-410A-820C-775A589A6389}.Debug|Any CPU.ActiveCfg = Debug|Any CPU
		{C37A87CD-FC0D-410A-820C-775A589A6389}.Debug|Any CPU.Build.0 = Debug|Any CPU
		{C37A87CD-FC0D-410A-820C-775A589A6389}.Release|Any CPU.ActiveCfg = Release|Any CPU
		{C37A87CD-FC0D-410A-820C-775A589A6389}.Release|Any CPU.Build.0 = Release|Any CPU
	EndGlobalSection
	GlobalSection(SolutionProperties) = preSolution
		HideSolutionNode = FALSE
	EndGlobalSection
	GlobalSection(ExtensibilityGlobals) = postSolution
		SolutionGuid = {3D885FC8-4AD4-4670-B973-8C81DC79C776}
	EndGlobalSection
EndGlobal
